
Microsoft Visual Studio Solution File, Format Version 12.00
# Visual Studio Version 16
VisualStudioVersion = 16.0.30114.105
MinimumVisualStudioVersion = 10.0.40219.1
Project("{2150E333-8FDC-42A3-9474-1A3956D46DE8}") = "src", "src", "{CBE1A8FF-88FE-42BE-9DA9-2414561CABE1}"
EndProject
Project("{FAE04EC0-301F-11D3-BF4B-00C04F79EFBC}") = "Application", "src\Application\Application.csproj", "{A8C1CF6C-B318-466B-BF50-BE91B707522C}"
EndProject
Project("{FAE04EC0-301F-11D3-BF4B-00C04F79EFBC}") = "Domain", "src\Domain\Domain.csproj", "{1354E782-C5AA-4395-BDE8-FC923405CE02}"
EndProject
Project("{FAE04EC0-301F-11D3-BF4B-00C04F79EFBC}") = "Infrastructure", "src\Infrastructure\Infrastructure.csproj", "{94395EB7-5E72-452C-977D-21EC60921C5F}"
EndProject
Project("{FAE04EC0-301F-11D3-BF4B-00C04F79EFBC}") = "Presentation.WebApp", "src\Presentation.WebApp\Presentation.WebApp.csproj", "{4796E4C9-93B8-4EFB-AD60-F3C0AE077BD4}"
EndProject
Project("{2150E333-8FDC-42A3-9474-1A3956D46DE8}") = "test", "test", "{1A354E22-13C7-4A1B-9B95-B5D7335F4CE0}"
EndProject
Project("{FAE04EC0-301F-11D3-BF4B-00C04F79EFBC}") = "Application.Test", "test\Application.Test\Application.Test.csproj", "{C639039B-A5BB-436C-857F-32424073DF64}"
EndProject
Project("{FAE04EC0-301F-11D3-BF4B-00C04F79EFBC}") = "Domain.Test", "test\Domain.Test\Domain.Test.csproj", "{6E64BF63-3DF6-494B-9F5C-A4C21F25AAC9}"
EndProject
Project("{FAE04EC0-301F-11D3-BF4B-00C04F79EFBC}") = "Infrastructure.Test", "test\Infrastructure.Test\Infrastructure.Test.csproj", "{0BCF0AF6-1EBA-47D3-82CE-BE2DC73E38FB}"
EndProject
Project("{FAE04EC0-301F-11D3-BF4B-00C04F79EFBC}") = "Presentation.WebApp.Test", "test\Presentation.WebApp.Test\Presentation.WebApp.Test.csproj", "{B8C03AEA-5455-4AAB-8980-95001C3EF232}"
EndProject
Global
	GlobalSection(SolutionConfigurationPlatforms) = preSolution
		Debug|Any CPU = Debug|Any CPU
		Debug|x64 = Debug|x64
		Debug|x86 = Debug|x86
		Release|Any CPU = Release|Any CPU
		Release|x64 = Release|x64
		Release|x86 = Release|x86
	EndGlobalSection
	GlobalSection(SolutionProperties) = preSolution
		HideSolutionNode = FALSE
	EndGlobalSection
	GlobalSection(ProjectConfigurationPlatforms) = postSolution
		{A8C1CF6C-B318-466B-BF50-BE91B707522C}.Debug|Any CPU.ActiveCfg = Debug|Any CPU
		{A8C1CF6C-B318-466B-BF50-BE91B707522C}.Debug|Any CPU.Build.0 = Debug|Any CPU
		{A8C1CF6C-B318-466B-BF50-BE91B707522C}.Debug|x64.ActiveCfg = Debug|Any CPU
		{A8C1CF6C-B318-466B-BF50-BE91B707522C}.Debug|x64.Build.0 = Debug|Any CPU
		{A8C1CF6C-B318-466B-BF50-BE91B707522C}.Debug|x86.ActiveCfg = Debug|Any CPU
		{A8C1CF6C-B318-466B-BF50-BE91B707522C}.Debug|x86.Build.0 = Debug|Any CPU
		{A8C1CF6C-B318-466B-BF50-BE91B707522C}.Release|Any CPU.ActiveCfg = Release|Any CPU
		{A8C1CF6C-B318-466B-BF50-BE91B707522C}.Release|Any CPU.Build.0 = Release|Any CPU
		{A8C1CF6C-B318-466B-BF50-BE91B707522C}.Release|x64.ActiveCfg = Release|Any CPU
		{A8C1CF6C-B318-466B-BF50-BE91B707522C}.Release|x64.Build.0 = Release|Any CPU
		{A8C1CF6C-B318-466B-BF50-BE91B707522C}.Release|x86.ActiveCfg = Release|Any CPU
		{A8C1CF6C-B318-466B-BF50-BE91B707522C}.Release|x86.Build.0 = Release|Any CPU
		{1354E782-C5AA-4395-BDE8-FC923405CE02}.Debug|Any CPU.ActiveCfg = Debug|Any CPU
		{1354E782-C5AA-4395-BDE8-FC923405CE02}.Debug|Any CPU.Build.0 = Debug|Any CPU
		{1354E782-C5AA-4395-BDE8-FC923405CE02}.Debug|x64.ActiveCfg = Debug|Any CPU
		{1354E782-C5AA-4395-BDE8-FC923405CE02}.Debug|x64.Build.0 = Debug|Any CPU
		{1354E782-C5AA-4395-BDE8-FC923405CE02}.Debug|x86.ActiveCfg = Debug|Any CPU
		{1354E782-C5AA-4395-BDE8-FC923405CE02}.Debug|x86.Build.0 = Debug|Any CPU
		{1354E782-C5AA-4395-BDE8-FC923405CE02}.Release|Any CPU.ActiveCfg = Release|Any CPU
		{1354E782-C5AA-4395-BDE8-FC923405CE02}.Release|Any CPU.Build.0 = Release|Any CPU
		{1354E782-C5AA-4395-BDE8-FC923405CE02}.Release|x64.ActiveCfg = Release|Any CPU
		{1354E782-C5AA-4395-BDE8-FC923405CE02}.Release|x64.Build.0 = Release|Any CPU
		{1354E782-C5AA-4395-BDE8-FC923405CE02}.Release|x86.ActiveCfg = Release|Any CPU
		{1354E782-C5AA-4395-BDE8-FC923405CE02}.Release|x86.Build.0 = Release|Any CPU
		{94395EB7-5E72-452C-977D-21EC60921C5F}.Debug|Any CPU.ActiveCfg = Debug|Any CPU
		{94395EB7-5E72-452C-977D-21EC60921C5F}.Debug|Any CPU.Build.0 = Debug|Any CPU
		{94395EB7-5E72-452C-977D-21EC60921C5F}.Debug|x64.ActiveCfg = Debug|Any CPU
		{94395EB7-5E72-452C-977D-21EC60921C5F}.Debug|x64.Build.0 = Debug|Any CPU
		{94395EB7-5E72-452C-977D-21EC60921C5F}.Debug|x86.ActiveCfg = Debug|Any CPU
		{94395EB7-5E72-452C-977D-21EC60921C5F}.Debug|x86.Build.0 = Debug|Any CPU
		{94395EB7-5E72-452C-977D-21EC60921C5F}.Release|Any CPU.ActiveCfg = Release|Any CPU
		{94395EB7-5E72-452C-977D-21EC60921C5F}.Release|Any CPU.Build.0 = Release|Any CPU
		{94395EB7-5E72-452C-977D-21EC60921C5F}.Release|x64.ActiveCfg = Release|Any CPU
		{94395EB7-5E72-452C-977D-21EC60921C5F}.Release|x64.Build.0 = Release|Any CPU
		{94395EB7-5E72-452C-977D-21EC60921C5F}.Release|x86.ActiveCfg = Release|Any CPU
		{94395EB7-5E72-452C-977D-21EC60921C5F}.Release|x86.Build.0 = Release|Any CPU
		{4796E4C9-93B8-4EFB-AD60-F3C0AE077BD4}.Debug|Any CPU.ActiveCfg = Debug|Any CPU
		{4796E4C9-93B8-4EFB-AD60-F3C0AE077BD4}.Debug|Any CPU.Build.0 = Debug|Any CPU
		{4796E4C9-93B8-4EFB-AD60-F3C0AE077BD4}.Debug|x64.ActiveCfg = Debug|Any CPU
		{4796E4C9-93B8-4EFB-AD60-F3C0AE077BD4}.Debug|x64.Build.0 = Debug|Any CPU
		{4796E4C9-93B8-4EFB-AD60-F3C0AE077BD4}.Debug|x86.ActiveCfg = Debug|Any CPU
		{4796E4C9-93B8-4EFB-AD60-F3C0AE077BD4}.Debug|x86.Build.0 = Debug|Any CPU
		{4796E4C9-93B8-4EFB-AD60-F3C0AE077BD4}.Release|Any CPU.ActiveCfg = Release|Any CPU
		{4796E4C9-93B8-4EFB-AD60-F3C0AE077BD4}.Release|Any CPU.Build.0 = Release|Any CPU
		{4796E4C9-93B8-4EFB-AD60-F3C0AE077BD4}.Release|x64.ActiveCfg = Release|Any CPU
		{4796E4C9-93B8-4EFB-AD60-F3C0AE077BD4}.Release|x64.Build.0 = Release|Any CPU
		{4796E4C9-93B8-4EFB-AD60-F3C0AE077BD4}.Release|x86.ActiveCfg = Release|Any CPU
		{4796E4C9-93B8-4EFB-AD60-F3C0AE077BD4}.Release|x86.Build.0 = Release|Any CPU
		{C639039B-A5BB-436C-857F-32424073DF64}.Debug|Any CPU.ActiveCfg = Debug|Any CPU
		{C639039B-A5BB-436C-857F-32424073DF64}.Debug|Any CPU.Build.0 = Debug|Any CPU
		{C639039B-A5BB-436C-857F-32424073DF64}.Debug|x64.ActiveCfg = Debug|Any CPU
		{C639039B-A5BB-436C-857F-32424073DF64}.Debug|x64.Build.0 = Debug|Any CPU
		{C639039B-A5BB-436C-857F-32424073DF64}.Debug|x86.ActiveCfg = Debug|Any CPU
		{C639039B-A5BB-436C-857F-32424073DF64}.Debug|x86.Build.0 = Debug|Any CPU
		{C639039B-A5BB-436C-857F-32424073DF64}.Release|Any CPU.ActiveCfg = Release|Any CPU
		{C639039B-A5BB-436C-857F-32424073DF64}.Release|Any CPU.Build.0 = Release|Any CPU
		{C639039B-A5BB-436C-857F-32424073DF64}.Release|x64.ActiveCfg = Release|Any CPU
		{C639039B-A5BB-436C-857F-32424073DF64}.Release|x64.Build.0 = Release|Any CPU
		{C639039B-A5BB-436C-857F-32424073DF64}.Release|x86.ActiveCfg = Release|Any CPU
		{C639039B-A5BB-436C-857F-32424073DF64}.Release|x86.Build.0 = Release|Any CPU
		{6E64BF63-3DF6-494B-9F5C-A4C21F25AAC9}.Debug|Any CPU.ActiveCfg = Debug|Any CPU
		{6E64BF63-3DF6-494B-9F5C-A4C21F25AAC9}.Debug|Any CPU.Build.0 = Debug|Any CPU
		{6E64BF63-3DF6-494B-9F5C-A4C21F25AAC9}.Debug|x64.ActiveCfg = Debug|Any CPU
		{6E64BF63-3DF6-494B-9F5C-A4C21F25AAC9}.Debug|x64.Build.0 = Debug|Any CPU
		{6E64BF63-3DF6-494B-9F5C-A4C21F25AAC9}.Debug|x86.ActiveCfg = Debug|Any CPU
		{6E64BF63-3DF6-494B-9F5C-A4C21F25AAC9}.Debug|x86.Build.0 = Debug|Any CPU
		{6E64BF63-3DF6-494B-9F5C-A4C21F25AAC9}.Release|Any CPU.ActiveCfg = Release|Any CPU
		{6E64BF63-3DF6-494B-9F5C-A4C21F25AAC9}.Release|Any CPU.Build.0 = Release|Any CPU
		{6E64BF63-3DF6-494B-9F5C-A4C21F25AAC9}.Release|x64.ActiveCfg = Release|Any CPU
		{6E64BF63-3DF6-494B-9F5C-A4C21F25AAC9}.Release|x64.Build.0 = Release|Any CPU
		{6E64BF63-3DF6-494B-9F5C-A4C21F25AAC9}.Release|x86.ActiveCfg = Release|Any CPU
		{6E64BF63-3DF6-494B-9F5C-A4C21F25AAC9}.Release|x86.Build.0 = Release|Any CPU
		{0BCF0AF6-1EBA-47D3-82CE-BE2DC73E38FB}.Debug|Any CPU.ActiveCfg = Debug|Any CPU
		{0BCF0AF6-1EBA-47D3-82CE-BE2DC73E38FB}.Debug|Any CPU.Build.0 = Debug|Any CPU
		{0BCF0AF6-1EBA-47D3-82CE-BE2DC73E38FB}.Debug|x64.ActiveCfg = Debug|Any CPU
		{0BCF0AF6-1EBA-47D3-82CE-BE2DC73E38FB}.Debug|x64.Build.0 = Debug|Any CPU
		{0BCF0AF6-1EBA-47D3-82CE-BE2DC73E38FB}.Debug|x86.ActiveCfg = Debug|Any CPU
		{0BCF0AF6-1EBA-47D3-82CE-BE2DC73E38FB}.Debug|x86.Build.0 = Debug|Any CPU
		{0BCF0AF6-1EBA-47D3-82CE-BE2DC73E38FB}.Release|Any CPU.ActiveCfg = Release|Any CPU
		{0BCF0AF6-1EBA-47D3-82CE-BE2DC73E38FB}.Release|Any CPU.Build.0 = Release|Any CPU
		{0BCF0AF6-1EBA-47D3-82CE-BE2DC73E38FB}.Release|x64.ActiveCfg = Release|Any CPU
		{0BCF0AF6-1EBA-47D3-82CE-BE2DC73E38FB}.Release|x64.Build.0 = Release|Any CPU
		{0BCF0AF6-1EBA-47D3-82CE-BE2DC73E38FB}.Release|x86.ActiveCfg = Release|Any CPU
		{0BCF0AF6-1EBA-47D3-82CE-BE2DC73E38FB}.Release|x86.Build.0 = Release|Any CPU
		{B8C03AEA-5455-4AAB-8980-95001C3EF232}.Debug|Any CPU.ActiveCfg = Debug|Any CPU
		{B8C03AEA-5455-4AAB-8980-95001C3EF232}.Debug|Any CPU.Build.0 = Debug|Any CPU
		{B8C03AEA-5455-4AAB-8980-95001C3EF232}.Debug|x64.ActiveCfg = Debug|Any CPU
		{B8C03AEA-5455-4AAB-8980-95001C3EF232}.Debug|x64.Build.0 = Debug|Any CPU
		{B8C03AEA-5455-4AAB-8980-95001C3EF232}.Debug|x86.ActiveCfg = Debug|Any CPU
		{B8C03AEA-5455-4AAB-8980-95001C3EF232}.Debug|x86.Build.0 = Debug|Any CPU
		{B8C03AEA-5455-4AAB-8980-95001C3EF232}.Release|Any CPU.ActiveCfg = Release|Any CPU
		{B8C03AEA-5455-4AAB-8980-95001C3EF232}.Release|Any CPU.Build.0 = Release|Any CPU
		{B8C03AEA-5455-4AAB-8980-95001C3EF232}.Release|x64.ActiveCfg = Release|Any CPU
		{B8C03AEA-5455-4AAB-8980-95001C3EF232}.Release|x64.Build.0 = Release|Any CPU
		{B8C03AEA-5455-4AAB-8980-95001C3EF232}.Release|x86.ActiveCfg = Release|Any CPU
		{B8C03AEA-5455-4AAB-8980-95001C3EF232}.Release|x86.Build.0 = Release|Any CPU
	EndGlobalSection
	GlobalSection(NestedProjects) = preSolution
		{A8C1CF6C-B318-466B-BF50-BE91B707522C} = {CBE1A8FF-88FE-42BE-9DA9-2414561CABE1}
		{1354E782-C5AA-4395-BDE8-FC923405CE02} = {CBE1A8FF-88FE-42BE-9DA9-2414561CABE1}
		{94395EB7-5E72-452C-977D-21EC60921C5F} = {CBE1A8FF-88FE-42BE-9DA9-2414561CABE1}
		{4796E4C9-93B8-4EFB-AD60-F3C0AE077BD4} = {CBE1A8FF-88FE-42BE-9DA9-2414561CABE1}
		{C639039B-A5BB-436C-857F-32424073DF64} = {1A354E22-13C7-4A1B-9B95-B5D7335F4CE0}
		{6E64BF63-3DF6-494B-9F5C-A4C21F25AAC9} = {1A354E22-13C7-4A1B-9B95-B5D7335F4CE0}
		{0BCF0AF6-1EBA-47D3-82CE-BE2DC73E38FB} = {1A354E22-13C7-4A1B-9B95-B5D7335F4CE0}
		{B8C03AEA-5455-4AAB-8980-95001C3EF232} = {1A354E22-13C7-4A1B-9B95-B5D7335F4CE0}
	EndGlobalSection
EndGlobal
